
Microsoft Visual Studio Solution File, Format Version 12.00
# Visual Studio Version 17
VisualStudioVersion = 17.0.31903.59
MinimumVisualStudioVersion = 10.0.40219.1
Project("{FAE04EC0-301F-11D3-BF4B-00C04F79EFBC}") = "RestCalculadora", "RestCalculadora\RestCalculadora.csproj", "{C423A1C2-55BF-4C5A-BA57-36D2786B5EFF}"
EndProject
Global
	GlobalSection(SolutionConfigurationPlatforms) = preSolution
		Debug|Any CPU = Debug|Any CPU
		Release|Any CPU = Release|Any CPU
	EndGlobalSection
	GlobalSection(SolutionProperties) = preSolution
		HideSolutionNode = FALSE
	EndGlobalSection
	GlobalSection(ProjectConfigurationPlatforms) = postSolution
		{C423A1C2-55BF-4C5A-BA57-36D2786B5EFF}.Debug|Any CPU.ActiveCfg = Debug|Any CPU
		{C423A1C2-55BF-4C5A-BA57-36D2786B5EFF}.Debug|Any CPU.Build.0 = Debug|Any CPU
		{C423A1C2-55BF-4C5A-BA57-36D2786B5EFF}.Release|Any CPU.ActiveCfg = Release|Any CPU
		{C423A1C2-55BF-4C5A-BA57-36D2786B5EFF}.Release|Any CPU.Build.0 = Release|Any CPU
	EndGlobalSection
EndGlobal
